// !$*UTF8*$!
{
	archiveVersion = 1;
	classes = {
	};
	objectVersion = 55;
	objects = {

/* Begin PBXBuildFile section */
		11CBAB5F2B0D106B00CADEBB /* ClinicApp.swift in Sources */ = {isa = PBXBuildFile; fileRef = 11CBAB5E2B0D106B00CADEBB /* ClinicApp.swift */; };
		11CBAB612B0D106B00CADEBB /* ContentView.swift in Sources */ = {isa = PBXBuildFile; fileRef = 11CBAB602B0D106B00CADEBB /* ContentView.swift */; };
		11CBAB632B0D10AE00CADEBB /* Assets.xcassets in Resources */ = {isa = PBXBuildFile; fileRef = 11CBAB622B0D10AE00CADEBB /* Assets.xcassets */; };
		11CBAB662B0D10AE00CADEBB /* Preview Assets.xcassets in Resources */ = {isa = PBXBuildFile; fileRef = 11CBAB652B0D10AE00CADEBB /* Preview Assets.xcassets */; };
		11CBAB702B0D10B100CADEBB /* ClinicTests.swift in Sources */ = {isa = PBXBuildFile; fileRef = 11CBAB6F2B0D10B100CADEBB /* ClinicTests.swift */; };
		11CBAB7A2B0D10B100CADEBB /* ClinicUITests.swift in Sources */ = {isa = PBXBuildFile; fileRef = 11CBAB792B0D10B100CADEBB /* ClinicUITests.swift */; };
		11CBAB7C2B0D10B100CADEBB /* ClinicUITestsLaunchTests.swift in Sources */ = {isa = PBXBuildFile; fileRef = 11CBAB7B2B0D10B100CADEBB /* ClinicUITestsLaunchTests.swift */; };
/* End PBXBuildFile section */

/* Begin PBXContainerItemProxy section */
		11CBAB6C2B0D10B100CADEBB /* PBXContainerItemProxy */ = {
			isa = PBXContainerItemProxy;
			containerPortal = 11CBAB532B0D105400CADEBB /* Project object */;
			proxyType = 1;
			remoteGlobalIDString = 11CBAB5A2B0D105D00CADEBB;
			remoteInfo = Clinic;
		};
		11CBAB762B0D10B100CADEBB /* PBXContainerItemProxy */ = {
			isa = PBXContainerItemProxy;
			containerPortal = 11CBAB532B0D105400CADEBB /* Project object */;
			proxyType = 1;
			remoteGlobalIDString = 11CBAB5A2B0D105D00CADEBB;
			remoteInfo = Clinic;
		};
/* End PBXContainerItemProxy section */

/* Begin PBXFileReference section */
		11CBAB5B2B0D106A00CADEBB /* Clinic.app */ = {isa = PBXFileReference; explicitFileType = wrapper.application; includeInIndex = 0; path = Clinic.app; sourceTree = BUILT_PRODUCTS_DIR; };
		11CBAB5E2B0D106B00CADEBB /* ClinicApp.swift */ = {isa = PBXFileReference; lastKnownFileType = sourcecode.swift; path = ClinicApp.swift; sourceTree = "<group>"; };
		11CBAB602B0D106B00CADEBB /* ContentView.swift */ = {isa = PBXFileReference; lastKnownFileType = sourcecode.swift; path = ContentView.swift; sourceTree = "<group>"; };
		11CBAB622B0D10AE00CADEBB /* Assets.xcassets */ = {isa = PBXFileReference; lastKnownFileType = folder.assetcatalog; path = Assets.xcassets; sourceTree = "<group>"; };
		11CBAB652B0D10AE00CADEBB /* Preview Assets.xcassets */ = {isa = PBXFileReference; lastKnownFileType = folder.assetcatalog; path = "Preview Assets.xcassets"; sourceTree = "<group>"; };
		11CBAB6B2B0D10B100CADEBB /* ClinicTests.xctest */ = {isa = PBXFileReference; explicitFileType = wrapper.cfbundle; includeInIndex = 0; path = ClinicTests.xctest; sourceTree = BUILT_PRODUCTS_DIR; };
		11CBAB6F2B0D10B100CADEBB /* ClinicTests.swift */ = {isa = PBXFileReference; lastKnownFileType = sourcecode.swift; path = ClinicTests.swift; sourceTree = "<group>"; };
		11CBAB752B0D10B100CADEBB /* ClinicUITests.xctest */ = {isa = PBXFileReference; explicitFileType = wrapper.cfbundle; includeInIndex = 0; path = ClinicUITests.xctest; sourceTree = BUILT_PRODUCTS_DIR; };
		11CBAB792B0D10B100CADEBB /* ClinicUITests.swift */ = {isa = PBXFileReference; lastKnownFileType = sourcecode.swift; path = ClinicUITests.swift; sourceTree = "<group>"; };
		11CBAB7B2B0D10B100CADEBB /* ClinicUITestsLaunchTests.swift */ = {isa = PBXFileReference; lastKnownFileType = sourcecode.swift; path = ClinicUITestsLaunchTests.swift; sourceTree = "<group>"; };
/* End PBXFileReference section */

/* Begin PBXFrameworksBuildPhase section */
		11CBAB582B0D105D00CADEBB /* Frameworks */ = {
			isa = PBXFrameworksBuildPhase;
			buildActionMask = 2147483647;
			files = (
			);
			runOnlyForDeploymentPostprocessing = 0;
		};
		11CBAB682B0D10B100CADEBB /* Frameworks */ = {
			isa = PBXFrameworksBuildPhase;
			buildActionMask = 2147483647;
			files = (
			);
			runOnlyForDeploymentPostprocessing = 0;
		};
		11CBAB722B0D10B100CADEBB /* Frameworks */ = {
			isa = PBXFrameworksBuildPhase;
			buildActionMask = 2147483647;
			files = (
			);
			runOnlyForDeploymentPostprocessing = 0;
		};
/* End PBXFrameworksBuildPhase section */

/* Begin PBXGroup section */
		11CBAB522B0D104900CADEBB = {
			isa = PBXGroup;
			children = (
				11CBAB5D2B0D106B00CADEBB /* Clinic */,
				11CBAB6E2B0D10B100CADEBB /* ClinicTests */,
				11CBAB782B0D10B100CADEBB /* ClinicUITests */,
				11CBAB5C2B0D106A00CADEBB /* Products */,
			);
			sourceTree = "<group>";
		};
		11CBAB5C2B0D106A00CADEBB /* Products */ = {
			isa = PBXGroup;
			children = (
				11CBAB5B2B0D106A00CADEBB /* Clinic.app */,
				11CBAB6B2B0D10B100CADEBB /* ClinicTests.xctest */,
				11CBAB752B0D10B100CADEBB /* ClinicUITests.xctest */,
			);
			name = Products;
			sourceTree = "<group>";
		};
		11CBAB5D2B0D106B00CADEBB /* Clinic */ = {
			isa = PBXGroup;
			children = (
				11CBAB5E2B0D106B00CADEBB /* ClinicApp.swift */,
				11CBAB602B0D106B00CADEBB /* ContentView.swift */,
				11CBAB622B0D10AE00CADEBB /* Assets.xcassets */,
				11CBAB642B0D10AE00CADEBB /* Preview Content */,
			);
			path = Clinic;
			sourceTree = "<group>";
		};
		11CBAB642B0D10AE00CADEBB /* Preview Content */ = {
			isa = PBXGroup;
			children = (
				11CBAB652B0D10AE00CADEBB /* Preview Assets.xcassets */,
			);
			path = "Preview Content";
			sourceTree = "<group>";
		};
		11CBAB6E2B0D10B100CADEBB /* ClinicTests */ = {
			isa = PBXGroup;
			children = (
				11CBAB6F2B0D10B100CADEBB /* ClinicTests.swift */,
			);
			path = ClinicTests;
			sourceTree = "<group>";
		};
		11CBAB782B0D10B100CADEBB /* ClinicUITests */ = {
			isa = PBXGroup;
			children = (
				11CBAB792B0D10B100CADEBB /* ClinicUITests.swift */,
				11CBAB7B2B0D10B100CADEBB /* ClinicUITestsLaunchTests.swift */,
			);
			path = ClinicUITests;
			sourceTree = "<group>";
		};
/* End PBXGroup section */

/* Begin PBXNativeTarget section */
		11CBAB5A2B0D105D00CADEBB /* Clinic */ = {
			isa = PBXNativeTarget;
			buildConfigurationList = 11CBAB7F2B0D10B100CADEBB /* Build configuration list for PBXNativeTarget "Clinic" */;
			buildPhases = (
				11CBAB572B0D105D00CADEBB /* Sources */,
				11CBAB582B0D105D00CADEBB /* Frameworks */,
				11CBAB592B0D105D00CADEBB /* Resources */,
			);
			buildRules = (
			);
			dependencies = (
			);
			name = Clinic;
			productName = Clinic;
			productReference = 11CBAB5B2B0D106A00CADEBB /* Clinic.app */;
			productType = "com.apple.product-type.application";
		};
		11CBAB6A2B0D10B100CADEBB /* ClinicTests */ = {
			isa = PBXNativeTarget;
			buildConfigurationList = 11CBAB822B0D10B100CADEBB /* Build configuration list for PBXNativeTarget "ClinicTests" */;
			buildPhases = (
				11CBAB672B0D10B100CADEBB /* Sources */,
				11CBAB682B0D10B100CADEBB /* Frameworks */,
				11CBAB692B0D10B100CADEBB /* Resources */,
			);
			buildRules = (
			);
			dependencies = (
				11CBAB6D2B0D10B100CADEBB /* PBXTargetDependency */,
			);
			name = ClinicTests;
			productName = ClinicTests;
			productReference = 11CBAB6B2B0D10B100CADEBB /* ClinicTests.xctest */;
			productType = "com.apple.product-type.bundle.unit-test";
		};
		11CBAB742B0D10B100CADEBB /* ClinicUITests */ = {
			isa = PBXNativeTarget;
			buildConfigurationList = 11CBAB852B0D10B100CADEBB /* Build configuration list for PBXNativeTarget "ClinicUITests" */;
			buildPhases = (
				11CBAB712B0D10B100CADEBB /* Sources */,
				11CBAB722B0D10B100CADEBB /* Frameworks */,
				11CBAB732B0D10B100CADEBB /* Resources */,
			);
			buildRules = (
			);
			dependencies = (
				11CBAB772B0D10B100CADEBB /* PBXTargetDependency */,
			);
			name = ClinicUITests;
			productName = ClinicUITests;
			productReference = 11CBAB752B0D10B100CADEBB /* ClinicUITests.xctest */;
			productType = "com.apple.product-type.bundle.ui-testing";
		};
/* End PBXNativeTarget section */

/* Begin PBXProject section */
		11CBAB532B0D105400CADEBB /* Project object */ = {
			isa = PBXProject;
			attributes = {
				BuildIndependentTargetsInParallel = 1;
				LastSwiftUpdateCheck = 1340;
				LastUpgradeCheck = 1340;
				TargetAttributes = {
					11CBAB5A2B0D105D00CADEBB = {
						CreatedOnToolsVersion = 13.4.1;
					};
					11CBAB6A2B0D10B100CADEBB = {
						CreatedOnToolsVersion = 13.4.1;
						TestTargetID = 11CBAB5A2B0D105D00CADEBB;
					};
					11CBAB742B0D10B100CADEBB = {
						CreatedOnToolsVersion = 13.4.1;
						TestTargetID = 11CBAB5A2B0D105D00CADEBB;
					};
				};
			};
			buildConfigurationList = 11CBAB562B0D105800CADEBB /* Build configuration list for PBXProject "Clinic" */;
			compatibilityVersion = "Xcode 13.0";
			developmentRegion = en;
			hasScannedForEncodings = 0;
			knownRegions = (
				en,
				Base,
			);
			mainGroup = 11CBAB522B0D104900CADEBB;
			productRefGroup = 11CBAB5C2B0D106A00CADEBB /* Products */;
			projectDirPath = "";
			projectRoot = "";
			targets = (
				11CBAB5A2B0D105D00CADEBB /* Clinic */,
				11CBAB6A2B0D10B100CADEBB /* ClinicTests */,
				11CBAB742B0D10B100CADEBB /* ClinicUITests */,
			);
		};
/* End PBXProject section */

/* Begin PBXResourcesBuildPhase section */
		11CBAB592B0D105D00CADEBB /* Resources */ = {
			isa = PBXResourcesBuildPhase;
			buildActionMask = 2147483647;
			files = (
				11CBAB662B0D10AE00CADEBB /* Preview Assets.xcassets in Resources */,
				11CBAB632B0D10AE00CADEBB /* Assets.xcassets in Resources */,
			);
			runOnlyForDeploymentPostprocessing = 0;
		};
		11CBAB692B0D10B100CADEBB /* Resources */ = {
			isa = PBXResourcesBuildPhase;
			buildActionMask = 2147483647;
			files = (
			);
			runOnlyForDeploymentPostprocessing = 0;
		};
		11CBAB732B0D10B100CADEBB /* Resources */ = {
			isa = PBXResourcesBuildPhase;
			buildActionMask = 2147483647;
			files = (
			);
			runOnlyForDeploymentPostprocessing = 0;
		};
/* End PBXResourcesBuildPhase section */

/* Begin PBXSourcesBuildPhase section */
		11CBAB572B0D105D00CADEBB /* Sources */ = {
			isa = PBXSourcesBuildPhase;
			buildActionMask = 2147483647;
			files = (
				11CBAB612B0D106B00CADEBB /* ContentView.swift in Sources */,
				11CBAB5F2B0D106B00CADEBB /* ClinicApp.swift in Sources */,
			);
			runOnlyForDeploymentPostprocessing = 0;
		};
		11CBAB672B0D10B100CADEBB /* Sources */ = {
			isa = PBXSourcesBuildPhase;
			buildActionMask = 2147483647;
			files = (
				11CBAB702B0D10B100CADEBB /* ClinicTests.swift in Sources */,
			);
			runOnlyForDeploymentPostprocessing = 0;
		};
		11CBAB712B0D10B100CADEBB /* Sources */ = {
			isa = PBXSourcesBuildPhase;
			buildActionMask = 2147483647;
			files = (
				11CBAB7C2B0D10B100CADEBB /* ClinicUITestsLaunchTests.swift in Sources */,
				11CBAB7A2B0D10B100CADEBB /* ClinicUITests.swift in Sources */,
			);
			runOnlyForDeploymentPostprocessing = 0;
		};
/* End PBXSourcesBuildPhase section */

/* Begin PBXTargetDependency section */
		11CBAB6D2B0D10B100CADEBB /* PBXTargetDependency */ = {
			isa = PBXTargetDependency;
			target = 11CBAB5A2B0D105D00CADEBB /* Clinic */;
			targetProxy = 11CBAB6C2B0D10B100CADEBB /* PBXContainerItemProxy */;
		};
		11CBAB772B0D10B100CADEBB /* PBXTargetDependency */ = {
			isa = PBXTargetDependency;
			target = 11CBAB5A2B0D105D00CADEBB /* Clinic */;
			targetProxy = 11CBAB762B0D10B100CADEBB /* PBXContainerItemProxy */;
		};
/* End PBXTargetDependency section */

/* Begin XCBuildConfiguration section */
		11CBAB7D2B0D10B100CADEBB /* Debug */ = {
			isa = XCBuildConfiguration;
			buildSettings = {
				ALWAYS_SEARCH_USER_PATHS = NO;
				CLANG_ANALYZER_NONNULL = YES;
				CLANG_ANALYZER_NUMBER_OBJECT_CONVERSION = YES_AGGRESSIVE;
				CLANG_CXX_LANGUAGE_STANDARD = "gnu++17";
				CLANG_ENABLE_MODULES = YES;
				CLANG_ENABLE_OBJC_ARC = YES;
				CLANG_ENABLE_OBJC_WEAK = YES;
				CLANG_WARN_BLOCK_CAPTURE_AUTORELEASING = YES;
				CLANG_WARN_BOOL_CONVERSION = YES;
				CLANG_WARN_COMMA = YES;
				CLANG_WARN_CONSTANT_CONVERSION = YES;
				CLANG_WARN_DEPRECATED_OBJC_IMPLEMENTATIONS = YES;
				CLANG_WARN_DIRECT_OBJC_ISA_USAGE = YES_ERROR;
				CLANG_WARN_DOCUMENTATION_COMMENTS = YES;
				CLANG_WARN_EMPTY_BODY = YES;
				CLANG_WARN_ENUM_CONVERSION = YES;
				CLANG_WARN_INFINITE_RECURSION = YES;
				CLANG_WARN_INT_CONVERSION = YES;
				CLANG_WARN_NON_LITERAL_NULL_CONVERSION = YES;
				CLANG_WARN_OBJC_IMPLICIT_RETAIN_SELF = YES;
				CLANG_WARN_OBJC_LITERAL_CONVERSION = YES;
				CLANG_WARN_OBJC_ROOT_CLASS = YES_ERROR;
				CLANG_WARN_QUOTED_INCLUDE_IN_FRAMEWORK_HEADER = YES;
				CLANG_WARN_RANGE_LOOP_ANALYSIS = YES;
				CLANG_WARN_STRICT_PROTOTYPES = YES;
				CLANG_WARN_SUSPICIOUS_MOVE = YES;
				CLANG_WARN_UNGUARDED_AVAILABILITY = YES_AGGRESSIVE;
				CLANG_WARN_UNREACHABLE_CODE = YES;
				CLANG_WARN__DUPLICATE_METHOD_MATCH = YES;
				COPY_PHASE_STRIP = NO;
				DEBUG_INFORMATION_FORMAT = dwarf;
				ENABLE_STRICT_OBJC_MSGSEND = YES;
				ENABLE_TESTABILITY = YES;
				GCC_C_LANGUAGE_STANDARD = gnu11;
				GCC_DYNAMIC_NO_PIC = NO;
				GCC_NO_COMMON_BLOCKS = YES;
				GCC_OPTIMIZATION_LEVEL = 0;
				GCC_PREPROCESSOR_DEFINITIONS = (
					"DEBUG=1",
					"$(inherited)",
				);
				GCC_WARN_64_TO_32_BIT_CONVERSION = YES;
				GCC_WARN_ABOUT_RETURN_TYPE = YES_ERROR;
				GCC_WARN_UNDECLARED_SELECTOR = YES;
				GCC_WARN_UNINITIALIZED_AUTOS = YES_AGGRESSIVE;
				GCC_WARN_UNUSED_FUNCTION = YES;
				GCC_WARN_UNUSED_VARIABLE = YES;
				IPHONEOS_DEPLOYMENT_TARGET = 15.5;
				MTL_ENABLE_DEBUG_INFO = INCLUDE_SOURCE;
				MTL_FAST_MATH = YES;
				ONLY_ACTIVE_ARCH = YES;
				SDKROOT = iphoneos;
				SWIFT_ACTIVE_COMPILATION_CONDITIONS = DEBUG;
				SWIFT_OPTIMIZATION_LEVEL = "-Onone";
			};
			name = Debug;
		};
		11CBAB7E2B0D10B100CADEBB /* Release */ = {
			isa = XCBuildConfiguration;
			buildSettings = {
				ALWAYS_SEARCH_USER_PATHS = NO;
				CLANG_ANALYZER_NONNULL = YES;
				CLANG_ANALYZER_NUMBER_OBJECT_CONVERSION = YES_AGGRESSIVE;
				CLANG_CXX_LANGUAGE_STANDARD = "gnu++17";
				CLANG_ENABLE_MODULES = YES;
				CLANG_ENABLE_OBJC_ARC = YES;
				CLANG_ENABLE_OBJC_WEAK = YES;
				CLANG_WARN_BLOCK_CAPTURE_AUTORELEASING = YES;
				CLANG_WARN_BOOL_CONVERSION = YES;
				CLANG_WARN_COMMA = YES;
				CLANG_WARN_CONSTANT_CONVERSION = YES;
				CLANG_WARN_DEPRECATED_OBJC_IMPLEMENTATIONS = YES;
				CLANG_WARN_DIRECT_OBJC_ISA_USAGE = YES_ERROR;
				CLANG_WARN_DOCUMENTATION_COMMENTS = YES;
				CLANG_WARN_EMPTY_BODY = YES;
				CLANG_WARN_ENUM_CONVERSION = YES;
				CLANG_WARN_INFINITE_RECURSION = YES;
				CLANG_WARN_INT_CONVERSION = YES;
				CLANG_WARN_NON_LITERAL_NULL_CONVERSION = YES;
				CLANG_WARN_OBJC_IMPLICIT_RETAIN_SELF = YES;
				CLANG_WARN_OBJC_LITERAL_CONVERSION = YES;
				CLANG_WARN_OBJC_ROOT_CLASS = YES_ERROR;
				CLANG_WARN_QUOTED_INCLUDE_IN_FRAMEWORK_HEADER = YES;
				CLANG_WARN_RANGE_LOOP_ANALYSIS = YES;
				CLANG_WARN_STRICT_PROTOTYPES = YES;
				CLANG_WARN_SUSPICIOUS_MOVE = YES;
				CLANG_WARN_UNGUARDED_AVAILABILITY = YES_AGGRESSIVE;
				CLANG_WARN_UNREACHABLE_CODE = YES;
				CLANG_WARN__DUPLICATE_METHOD_MATCH = YES;
				COPY_PHASE_STRIP = NO;
				DEBUG_INFORMATION_FORMAT = "dwarf-with-dsym";
				ENABLE_NS_ASSERTIONS = NO;
				ENABLE_STRICT_OBJC_MSGSEND = YES;
				GCC_C_LANGUAGE_STANDARD = gnu11;
				GCC_NO_COMMON_BLOCKS = YES;
				GCC_WARN_64_TO_32_BIT_CONVERSION = YES;
				GCC_WARN_ABOUT_RETURN_TYPE = YES_ERROR;
				GCC_WARN_UNDECLARED_SELECTOR = YES;
				GCC_WARN_UNINITIALIZED_AUTOS = YES_AGGRESSIVE;
				GCC_WARN_UNUSED_FUNCTION = YES;
				GCC_WARN_UNUSED_VARIABLE = YES;
				IPHONEOS_DEPLOYMENT_TARGET = 15.5;
				MTL_ENABLE_DEBUG_INFO = NO;
				MTL_FAST_MATH = YES;
				SDKROOT = iphoneos;
				SWIFT_COMPILATION_MODE = wholemodule;
				SWIFT_OPTIMIZATION_LEVEL = "-O";
				VALIDATE_PRODUCT = YES;
			};
			name = Release;
		};
		11CBAB802B0D10B100CADEBB /* Debug */ = {
			isa = XCBuildConfiguration;
			buildSettings = {
				ASSETCATALOG_COMPILER_APPICON_NAME = AppIcon;
				ASSETCATALOG_COMPILER_GLOBAL_ACCENT_COLOR_NAME = AccentColor;
				CODE_SIGN_STYLE = Automatic;
				CURRENT_PROJECT_VERSION = 1;
				DEVELOPMENT_ASSET_PATHS = "\"Clinic/Preview Content\"";
				ENABLE_PREVIEWS = YES;
				GENERATE_INFOPLIST_FILE = YES;
				INFOPLIST_KEY_UIApplicationSceneManifest_Generation = YES;
				INFOPLIST_KEY_UIApplicationSupportsIndirectInputEvents = YES;
				INFOPLIST_KEY_UILaunchScreen_Generation = YES;
				INFOPLIST_KEY_UISupportedInterfaceOrientations_iPad = "UIInterfaceOrientationPortrait UIInterfaceOrientationPortraitUpsideDown UIInterfaceOrientationLandscapeLeft UIInterfaceOrientationLandscapeRight";
				INFOPLIST_KEY_UISupportedInterfaceOrientations_iPhone = "UIInterfaceOrientationPortrait UIInterfaceOrientationLandscapeLeft UIInterfaceOrientationLandscapeRight";
				LD_RUNPATH_SEARCH_PATHS = (
					"$(inherited)",
					"@executable_path/Frameworks",
				);
				MARKETING_VERSION = 1.0;
				PRODUCT_BUNDLE_IDENTIFIER = "my-team.Clinic";
				PRODUCT_NAME = "$(TARGET_NAME)";
				SWIFT_EMIT_LOC_STRINGS = YES;
				SWIFT_VERSION = 5.0;
				TARGETED_DEVICE_FAMILY = "1,2";
			};
			name = Debug;
		};
		11CBAB812B0D10B100CADEBB /* Release */ = {
			isa = XCBuildConfiguration;
			buildSettings = {
				ASSETCATALOG_COMPILER_APPICON_NAME = AppIcon;
				ASSETCATALOG_COMPILER_GLOBAL_ACCENT_COLOR_NAME = AccentColor;
				CODE_SIGN_STYLE = Automatic;
				CURRENT_PROJECT_VERSION = 1;
				DEVELOPMENT_ASSET_PATHS = "\"Clinic/Preview Content\"";
				ENABLE_PREVIEWS = YES;
				GENERATE_INFOPLIST_FILE = YES;
				INFOPLIST_KEY_UIApplicationSceneManifest_Generation = YES;
				INFOPLIST_KEY_UIApplicationSupportsIndirectInputEvents = YES;
				INFOPLIST_KEY_UILaunchScreen_Generation = YES;
				INFOPLIST_KEY_UISupportedInterfaceOrientations_iPad = "UIInterfaceOrientationPortrait UIInterfaceOrientationPortraitUpsideDown UIInterfaceOrientationLandscapeLeft UIInterfaceOrientationLandscapeRight";
				INFOPLIST_KEY_UISupportedInterfaceOrientations_iPhone = "UIInterfaceOrientationPortrait UIInterfaceOrientationLandscapeLeft UIInterfaceOrientationLandscapeRight";
				LD_RUNPATH_SEARCH_PATHS = (
					"$(inherited)",
					"@executable_path/Frameworks",
				);
				MARKETING_VERSION = 1.0;
				PRODUCT_BUNDLE_IDENTIFIER = "my-team.Clinic";
				PRODUCT_NAME = "$(TARGET_NAME)";
				SWIFT_EMIT_LOC_STRINGS = YES;
				SWIFT_VERSION = 5.0;
				TARGETED_DEVICE_FAMILY = "1,2";
			};
			name = Release;
		};
		11CBAB832B0D10B100CADEBB /* Debug */ = {
			isa = XCBuildConfiguration;
			buildSettings = {
				ALWAYS_EMBED_SWIFT_STANDARD_LIBRARIES = YES;
				BUNDLE_LOADER = "$(TEST_HOST)";
				CODE_SIGN_STYLE = Automatic;
				CURRENT_PROJECT_VERSION = 1;
				GENERATE_INFOPLIST_FILE = YES;
				IPHONEOS_DEPLOYMENT_TARGET = 15.5;
				MARKETING_VERSION = 1.0;
				PRODUCT_BUNDLE_IDENTIFIER = "my-team.ClinicTests";
				PRODUCT_NAME = "$(TARGET_NAME)";
				SWIFT_EMIT_LOC_STRINGS = NO;
				SWIFT_VERSION = 5.0;
				TARGETED_DEVICE_FAMILY = "1,2";
				TEST_HOST = "$(BUILT_PRODUCTS_DIR)/Clinic.app/Clinic";
			};
			name = Debug;
		};
		11CBAB842B0D10B100CADEBB /* Release */ = {
			isa = XCBuildConfiguration;
			buildSettings = {
				ALWAYS_EMBED_SWIFT_STANDARD_LIBRARIES = YES;
				BUNDLE_LOADER = "$(TEST_HOST)";
				CODE_SIGN_STYLE = Automatic;
				CURRENT_PROJECT_VERSION = 1;
				GENERATE_INFOPLIST_FILE = YES;
				IPHONEOS_DEPLOYMENT_TARGET = 15.5;
				MARKETING_VERSION = 1.0;
				PRODUCT_BUNDLE_IDENTIFIER = "my-team.ClinicTests";
				PRODUCT_NAME = "$(TARGET_NAME)";
				SWIFT_EMIT_LOC_STRINGS = NO;
				SWIFT_VERSION = 5.0;
				TARGETED_DEVICE_FAMILY = "1,2";
				TEST_HOST = "$(BUILT_PRODUCTS_DIR)/Clinic.app/Clinic";
			};
			name = Release;
		};
		11CBAB862B0D10B100CADEBB /* Debug */ = {
			isa = XCBuildConfiguration;
			buildSettings = {
				ALWAYS_EMBED_SWIFT_STANDARD_LIBRARIES = YES;
				CODE_SIGN_STYLE = Automatic;
				CURRENT_PROJECT_VERSION = 1;
				GENERATE_INFOPLIST_FILE = YES;
				MARKETING_VERSION = 1.0;
				PRODUCT_BUNDLE_IDENTIFIER = "my-team.ClinicUITests";
				PRODUCT_NAME = "$(TARGET_NAME)";
				SWIFT_EMIT_LOC_STRINGS = NO;
				SWIFT_VERSION = 5.0;
				TARGETED_DEVICE_FAMILY = "1,2";
				TEST_TARGET_NAME = Clinic;
			};
			name = Debug;
		};
		11CBAB872B0D10B100CADEBB /* Release */ = {
			isa = XCBuildConfiguration;
			buildSettings = {
				ALWAYS_EMBED_SWIFT_STANDARD_LIBRARIES = YES;
				CODE_SIGN_STYLE = Automatic;
				CURRENT_PROJECT_VERSION = 1;
				GENERATE_INFOPLIST_FILE = YES;
				MARKETING_VERSION = 1.0;
				PRODUCT_BUNDLE_IDENTIFIER = "my-team.ClinicUITests";
				PRODUCT_NAME = "$(TARGET_NAME)";
				SWIFT_EMIT_LOC_STRINGS = NO;
				SWIFT_VERSION = 5.0;
				TARGETED_DEVICE_FAMILY = "1,2";
				TEST_TARGET_NAME = Clinic;
			};
			name = Release;
		};
/* End XCBuildConfiguration section */

/* Begin XCConfigurationList section */
		11CBAB562B0D105800CADEBB /* Build configuration list for PBXProject "Clinic" */ = {
			isa = XCConfigurationList;
			buildConfigurations = (
				11CBAB7D2B0D10B100CADEBB /* Debug */,
				11CBAB7E2B0D10B100CADEBB /* Release */,
			);
			defaultConfigurationIsVisible = 0;
			defaultConfigurationName = Release;
		};
		11CBAB7F2B0D10B100CADEBB /* Build configuration list for PBXNativeTarget "Clinic" */ = {
			isa = XCConfigurationList;
			buildConfigurations = (
				11CBAB802B0D10B100CADEBB /* Debug */,
				11CBAB812B0D10B100CADEBB /* Release */,
			);
			defaultConfigurationIsVisible = 0;
			defaultConfigurationName = Release;
		};
		11CBAB822B0D10B100CADEBB /* Build configuration list for PBXNativeTarget "ClinicTests" */ = {
			isa = XCConfigurationList;
			buildConfigurations = (
				11CBAB832B0D10B100CADEBB /* Debug */,
				11CBAB842B0D10B100CADEBB /* Release */,
			);
			defaultConfigurationIsVisible = 0;
			defaultConfigurationName = Release;
		};
		11CBAB852B0D10B100CADEBB /* Build configuration list for PBXNativeTarget "ClinicUITests" */ = {
			isa = XCConfigurationList;
			buildConfigurations = (
				11CBAB862B0D10B100CADEBB /* Debug */,
				11CBAB872B0D10B100CADEBB /* Release */,
			);
			defaultConfigurationIsVisible = 0;
			defaultConfigurationName = Release;
		};
/* End XCConfigurationList section */
	};
	rootObject = 11CBAB532B0D105400CADEBB /* Project object */;
}
